
Microsoft Visual Studio Solution File, Format Version 12.00
# Visual Studio Version 17
VisualStudioVersion = 17.9.34723.18
MinimumVisualStudioVersion = 10.0.40219.1
Project("{FAE04EC0-301F-11D3-BF4B-00C04F79EFBC}") = "AulaAPI_Mouts", "AulaAPI_Mouts\AulaAPI_Mouts.csproj", "{977809A2-9490-4E0B-B96A-EC02E5CDDFD8}"
EndProject
Global
	GlobalSection(SolutionConfigurationPlatforms) = preSolution
		Debug|Any CPU = Debug|Any CPU
		Release|Any CPU = Release|Any CPU
	EndGlobalSection
	GlobalSection(ProjectConfigurationPlatforms) = postSolution
		{977809A2-9490-4E0B-B96A-EC02E5CDDFD8}.Debug|Any CPU.ActiveCfg = Debug|Any CPU
		{977809A2-9490-4E0B-B96A-EC02E5CDDFD8}.Debug|Any CPU.Build.0 = Debug|Any CPU
		{977809A2-9490-4E0B-B96A-EC02E5CDDFD8}.Release|Any CPU.ActiveCfg = Release|Any CPU
		{977809A2-9490-4E0B-B96A-EC02E5CDDFD8}.Release|Any CPU.Build.0 = Release|Any CPU
	EndGlobalSection
	GlobalSection(SolutionProperties) = preSolution
		HideSolutionNode = FALSE
	EndGlobalSection
	GlobalSection(ExtensibilityGlobals) = postSolution
		SolutionGuid = {C51A5E66-4F80-481C-B29E-14DD9B3F5F19}
	EndGlobalSection
EndGlobal
